{
  "nodes": {
    "data-pipeline-monitor": {
      "inputs": {
        "devops-tools": "devops-tools",
        "flake-utils": "flake-utils_2",
        "nixpkgs": [
          "wonder-foundations",
          "nixpkgs"
        ]
      },
      "locked": {
        "lastModified": 1660818407,
        "narHash": "sha256-C2Syyl5AD1Zgyn0LmqFSdULlU4oUh+2pgG9WgiBxl4Y=",
        "ref": "master",
        "rev": "0748b0505ecca344851cb600ae8fc1439933930a",
        "revCount": 519,
        "type": "git",
        "url": "ssh://git@github.com/quant-wonderland/data-pipeline-monitor"
      },
      "original": {
        "type": "git",
        "url": "ssh://git@github.com/quant-wonderland/data-pipeline-monitor"
      }
    },
    "devops-tools": {
      "inputs": {
        "flake-utils": "flake-utils",
        "nixpkgs": "nixpkgs_2"
      },
      "locked": {
        "lastModified": 1644417888,
        "narHash": "sha256-GhfvSwJ/O6sN0ugTImmiT8eZdpt26MzaaVG4NE7FBhg=",
        "ref": "master",
        "rev": "9315a87368d91db228ae38126ab2fdaf1d822403",
        "revCount": 392,
        "type": "git",
        "url": "ssh://git@github.com/quant-wonderland/devops-tools"
      },
      "original": {
        "type": "git",
        "url": "ssh://git@github.com/quant-wonderland/devops-tools"
      }
    },
    "devops-tools_2": {
      "inputs": {
        "flake-utils": "flake-utils_3",
        "nixpkgs": [
          "wonder-foundations",
          "nixpkgs"
        ],
        "nixpkgs-unstable": "nixpkgs-unstable_2"
      },
      "locked": {
        "lastModified": 1658457638,
        "narHash": "sha256-008Wgl+ONnand+jBb+3UiSl0to/ydwAEzqKlJixSA7E=",
        "ref": "master",
        "rev": "a04e9def302d9f7dd69c36300183a1a479a9f868",
        "revCount": 478,
        "type": "git",
        "url": "ssh://git@github.com/quant-wonderland/devops-tools"
      },
      "original": {
        "ref": "master",
        "type": "git",
        "url": "ssh://git@github.com/quant-wonderland/devops-tools"
      }
    },
    "flake-utils": {
      "locked": {
        "lastModified": 1629481132,
        "narHash": "sha256-JHgasjPR0/J1J3DRm4KxM4zTyAj4IOJY8vIl75v/kPI=",
        "owner": "numtide",
        "repo": "flake-utils",
        "rev": "997f7efcb746a9c140ce1f13c72263189225f482",
        "type": "github"
      },
      "original": {
        "owner": "numtide",
        "repo": "flake-utils",
        "type": "github"
      }
    },
    "flake-utils_2": {
      "locked": {
        "lastModified": 1623875721,
        "narHash": "sha256-A8BU7bjS5GirpAUv4QA+QnJ4CceLHkcXdRp4xITDB0s=",
        "owner": "numtide",
        "repo": "flake-utils",
        "rev": "f7e004a55b120c02ecb6219596820fcd32ca8772",
        "type": "github"
      },
      "original": {
        "owner": "numtide",
        "repo": "flake-utils",
        "type": "github"
      }
    },
    "flake-utils_3": {
      "locked": {
        "lastModified": 1629481132,
        "narHash": "sha256-JHgasjPR0/J1J3DRm4KxM4zTyAj4IOJY8vIl75v/kPI=",
        "owner": "numtide",
        "repo": "flake-utils",
        "rev": "997f7efcb746a9c140ce1f13c72263189225f482",
        "type": "github"
      },
      "original": {
        "owner": "numtide",
        "repo": "flake-utils",
        "type": "github"
      }
    },
    "flake-utils_4": {
      "locked": {
        "lastModified": 1620759905,
        "narHash": "sha256-WiyWawrgmyN0EdmiHyG2V+fqReiVi8bM9cRdMaKQOFg=",
        "owner": "numtide",
        "repo": "flake-utils",
        "rev": "b543720b25df6ffdfcf9227afafc5b8c1fabfae8",
        "type": "github"
      },
      "original": {
        "owner": "numtide",
        "repo": "flake-utils",
        "type": "github"
      }
    },
    "home-manager": {
      "inputs": {
        "nixpkgs": "nixpkgs_3",
        "utils": "utils"
      },
      "locked": {
        "lastModified": 1657396086,
        "narHash": "sha256-4cQ6hEuewWoFkTBlu211JGxPQQ1Zyli8oEq1cu7cVeA=",
        "owner": "nix-community",
        "repo": "home-manager",
        "rev": "c645cc9f82c7753450d1fa4d1bc73b64960a9d7a",
        "type": "github"
      },
      "original": {
        "owner": "nix-community",
        "ref": "master",
        "repo": "home-manager",
        "type": "github"
      }
    },
    "hydra": {
      "inputs": {
        "newNixpkgs": "newNixpkgs",
        "nix": "nix",
        "nixpkgs": [
          "wonder-foundations",
          "hydra",
          "nix",
          "nixpkgs"
        ]
      },
      "locked": {
        "lastModified": 1657543313,
        "narHash": "sha256-IUAWZxJkIC+xYi1vw9+s7ucKb23v2jSUgrOAKGJd0Ak=",
        "ref": "master",
        "rev": "10fbec934cea01361fdb838d3f3ee52206458e72",
        "revCount": 3960,
        "type": "git",
        "url": "ssh://git@github.com/quant-wonderland/hydra"
      },
      "original": {
        "type": "git",
        "url": "ssh://git@github.com/quant-wonderland/hydra"
      }
    },
    "lowdown-src": {
      "flake": false,
      "locked": {
        "lastModified": 1633514407,
        "narHash": "sha256-Dw32tiMjdK9t3ETl5fzGrutQTzh2rufgZV4A/BbxuD4=",
        "owner": "kristapsdz",
        "repo": "lowdown",
        "rev": "d2c2b44ff6c27b936ec27358a2653caaef8f73b8",
        "type": "github"
      },
      "original": {
        "owner": "kristapsdz",
        "repo": "lowdown",
        "type": "github"
      }
    },
    "newNixpkgs": {
      "locked": {
        "lastModified": 1647380550,
        "narHash": "sha256-909TI9poX7CIUiFx203WL29YON6m/I6k0ExbZvR7bLM=",
        "owner": "NixOS",
        "repo": "nixpkgs",
        "rev": "6e3ee8957637a60f5072e33d78e05c0f65c54366",
        "type": "github"
      },
      "original": {
        "owner": "NixOS",
        "ref": "nixos-unstable-small",
        "repo": "nixpkgs",
        "type": "github"
      }
    },
    "nix": {
      "inputs": {
        "lowdown-src": "lowdown-src",
        "nixpkgs": "nixpkgs_4",
        "nixpkgs-regression": "nixpkgs-regression"
      },
      "locked": {
        "lastModified": 1654014617,
        "narHash": "sha256-qNL3lQPBsnStkru3j1ajN/H+knXI+X3dku8/dBfSw3g=",
        "owner": "NixOS",
        "repo": "nix",
        "rev": "624e38aa43f304fbb78b4779172809add042b513",
        "type": "github"
      },
      "original": {
        "owner": "NixOS",
        "ref": "2.9.1",
        "repo": "nix",
        "type": "github"
      }
    },
    "nixpkgs": {
      "locked": {
        "lastModified": 1653936696,
        "narHash": "sha256-M6bJShji9AIDZ7Kh7CPwPBPb/T7RiVev2PAcOi4fxDQ=",
        "owner": "NixOS",
        "repo": "nixpkgs",
        "rev": "ce6aa13369b667ac2542593170993504932eb836",
        "type": "github"
      },
      "original": {
        "owner": "NixOS",
        "repo": "nixpkgs",
        "rev": "ce6aa13369b667ac2542593170993504932eb836",
        "type": "github"
      }
    },
    "nixpkgs-21": {
      "locked": {
        "lastModified": 1647282937,
        "narHash": "sha256-K8Oo6QyFCfiEWTRpQVfzcwI3YNMKlz6Tu8rr+o3rzRQ=",
        "owner": "NixOS",
        "repo": "nixpkgs",
        "rev": "64fc73bd74f04d3e10cb4e70e1c65b92337e76db",
        "type": "github"
      },
      "original": {
        "owner": "NixOS",
        "repo": "nixpkgs",
        "rev": "64fc73bd74f04d3e10cb4e70e1c65b92337e76db",
        "type": "github"
      }
    },
    "nixpkgs-regression": {
      "locked": {
        "lastModified": 1643052045,
        "narHash": "sha256-uGJ0VXIhWKGXxkeNnq4TvV3CIOkUJ3PAoLZ3HMzNVMw=",
        "owner": "NixOS",
        "repo": "nixpkgs",
        "rev": "215d4d0fd80ca5163643b03a33fde804a29cc1e2",
        "type": "github"
      },
      "original": {
        "id": "nixpkgs",
        "rev": "215d4d0fd80ca5163643b03a33fde804a29cc1e2",
        "type": "indirect"
      }
    },
    "nixpkgs-unstable": {
      "locked": {
        "lastModified": 1659077768,
        "narHash": "sha256-P0XIHBVty6WIuIrk2DZNvLcYev9956y1prT4zL212H8=",
        "owner": "NixOS",
        "repo": "nixpkgs",
        "rev": "2a93ea177c3d7700b934bf95adfe00c435f696b8",
        "type": "github"
      },
      "original": {
        "owner": "NixOS",
        "ref": "nixos-unstable",
        "repo": "nixpkgs",
        "type": "github"
      }
    },
    "nixpkgs-unstable_2": {
      "locked": {
        "lastModified": 1646497237,
        "narHash": "sha256-Ccpot1h/rV8MgcngDp5OrdmLTMaUTbStZTR5/sI7zW0=",
        "owner": "NixOS",
        "repo": "nixpkgs",
        "rev": "062a0c5437b68f950b081bbfc8a699d57a4ee026",
        "type": "github"
      },
      "original": {
        "owner": "NixOS",
        "repo": "nixpkgs",
        "rev": "062a0c5437b68f950b081bbfc8a699d57a4ee026",
        "type": "github"
      }
    },
    "nixpkgs-unstable_3": {
      "locked": {
        "lastModified": 1622437901,
        "narHash": "sha256-ww6EcXDmOgJbx2DOGAW6PbIQK3K/WGCpFYW4yNyP/XM=",
        "owner": "NixOS",
        "repo": "nixpkgs",
        "rev": "f924460e91cba6473c5dc4b8ccb1a1cfc05bc2d7",
        "type": "github"
      },
      "original": {
        "owner": "NixOS",
        "repo": "nixpkgs",
        "rev": "f924460e91cba6473c5dc4b8ccb1a1cfc05bc2d7",
        "type": "github"
      }
    },
    "nixpkgs_2": {
      "locked": {
        "lastModified": 1638239011,
        "narHash": "sha256-AjhmbT4UBlJWqxY0ea8a6GU2C2HdKUREkG43oRr3TZg=",
        "owner": "NixOS",
        "repo": "nixpkgs",
        "rev": "a7ecde854aee5c4c7cd6177f54a99d2c1ff28a31",
        "type": "github"
      },
      "original": {
        "owner": "NixOS",
        "ref": "21.11",
        "repo": "nixpkgs",
        "type": "github"
      }
    },
    "nixpkgs_3": {
      "locked": {
        "lastModified": 1654230545,
        "narHash": "sha256-8Vlwf0x8ow6pPOK2a04bT+pxIeRnM1+O0Xv9/CuDzRs=",
        "owner": "nixos",
        "repo": "nixpkgs",
        "rev": "236cc2971ac72acd90f0ae3a797f9f83098b17ec",
        "type": "github"
      },
      "original": {
        "owner": "nixos",
        "ref": "nixos-unstable",
        "repo": "nixpkgs",
        "type": "github"
      }
    },
    "nixpkgs_4": {
      "locked": {
        "lastModified": 1645296114,
        "narHash": "sha256-y53N7TyIkXsjMpOG7RhvqJFGDacLs9HlyHeSTBioqYU=",
        "owner": "NixOS",
        "repo": "nixpkgs",
        "rev": "530a53dcbc9437363471167a5e4762c5fcfa34a1",
        "type": "github"
      },
      "original": {
        "id": "nixpkgs",
        "ref": "nixos-21.05-small",
        "type": "indirect"
      }
    },
    "root": {
      "inputs": {
        "nixpkgs": "nixpkgs",
        "nixpkgs-21": "nixpkgs-21",
        "nixpkgs-unstable": "nixpkgs-unstable",
        "wonder-foundations": "wonder-foundations"
      }
    },
    "utils": {
      "locked": {
        "lastModified": 1653893745,
        "narHash": "sha256-0jntwV3Z8//YwuOjzhV2sgJJPt+HY6KhU7VZUL0fKZQ=",
        "owner": "numtide",
        "repo": "flake-utils",
        "rev": "1ed9fb1935d260de5fe1c2f7ee0ebaae17ed2fa1",
        "type": "github"
      },
      "original": {
        "owner": "numtide",
        "repo": "flake-utils",
        "type": "github"
      }
    },
    "vitalpkgs": {
      "inputs": {
        "flake-utils": "flake-utils_4",
        "nixpkgs": [
          "wonder-foundations",
          "nixpkgs"
        ],
        "nixpkgs-unstable": "nixpkgs-unstable_3"
      },
      "locked": {
        "lastModified": 1634531087,
        "narHash": "sha256-E1UXb0q/Sard1ywRk4HrT+nRPoskQ5Y0pQ7Ys1vkIzc=",
        "owner": "nixvital",
        "repo": "vitalpkgs",
        "rev": "dc07cc44aaf127f7ebe581b8dc6dc7d2796366aa",
        "type": "github"
      },
      "original": {
        "owner": "nixvital",
        "repo": "vitalpkgs",
        "rev": "dc07cc44aaf127f7ebe581b8dc6dc7d2796366aa",
        "type": "github"
      }
    },
    "wonder-foundations": {
      "inputs": {
        "data-pipeline-monitor": "data-pipeline-monitor",
        "devops-tools": "devops-tools_2",
        "home-manager": "home-manager",
        "hydra": "hydra",
        "nixpkgs": [
          "nixpkgs"
        ],
        "vitalpkgs": "vitalpkgs"
      },
      "locked": {
        "lastModified": 1660988708,
        "narHash": "sha256-5Z6m/TklrxViABGj4/rVpUIxv8U1s6p2GYe0jz9xm4Y=",
        "ref": "dev/22.05",
        "rev": "a1634507835f95b6f01aa9e9d34a052882779701",
        "revCount": 92,
        "type": "git",
        "url": "ssh://git@github.com/quant-wonderland/wonder-foundations"
      },
      "original": {
        "ref": "dev/22.05",
        "type": "git",
        "url": "ssh://git@github.com/quant-wonderland/wonder-foundations"
      }
    }
  },
  "root": "root",
  "version": 7
}
