{
  "nodes": {
    "data-pipeline-monitor": {
      "inputs": {
        "devops-tools": "devops-tools",
        "flake-utils": "flake-utils_2",
        "nixpkgs": [
          "wonder-foundations",
          "nixpkgs"
        ]
      },
      "locked": {
        "lastModified": 1670900999,
        "narHash": "sha256-+CIgU/iXZEqHR6MmgxYVDqrhKLCIjnIRHWXrrR/A/80=",
        "ref": "master",
        "rev": "b51fd6bd8c26d14c69e506d4490c5b8dce74d504",
        "revCount": 520,
        "type": "git",
        "url": "ssh://git@github.com/quant-wonderland/data-pipeline-monitor"
      },
      "original": {
        "type": "git",
        "url": "ssh://git@github.com/quant-wonderland/data-pipeline-monitor"
      }
    },
    "devops-tools": {
      "inputs": {
        "flake-utils": "flake-utils",
        "nixpkgs": [
          "wonder-foundations",
          "data-pipeline-monitor",
          "nixpkgs"
        ]
      },
      "locked": {
        "lastModified": 1670900442,
        "narHash": "sha256-iwo3uI94STae16Q1yOciKURBFjRKIo+psAd7Q/EQQeQ=",
        "ref": "master",
        "rev": "b4412b6010e61d55fd9cc8e416cd108704c07efd",
        "revCount": 500,
        "type": "git",
        "url": "ssh://git@github.com/quant-wonderland/devops-tools"
      },
      "original": {
        "type": "git",
        "url": "ssh://git@github.com/quant-wonderland/devops-tools"
      }
    },
    "devops-tools_2": {
      "inputs": {
        "flake-utils": "flake-utils_3",
        "nixpkgs": [
          "wonder-foundations",
          "nixpkgs"
        ]
      },
      "locked": {
        "lastModified": 1670900442,
        "narHash": "sha256-iwo3uI94STae16Q1yOciKURBFjRKIo+psAd7Q/EQQeQ=",
        "ref": "master",
        "rev": "b4412b6010e61d55fd9cc8e416cd108704c07efd",
        "revCount": 500,
        "type": "git",
        "url": "ssh://git@github.com/quant-wonderland/devops-tools"
      },
      "original": {
        "ref": "master",
        "type": "git",
        "url": "ssh://git@github.com/quant-wonderland/devops-tools"
      }
    },
    "flake-utils": {
      "locked": {
        "lastModified": 1659877975,
        "narHash": "sha256-zllb8aq3YO3h8B/U0/J1WBgAL8EX5yWf5pMj3G0NAmc=",
        "owner": "numtide",
        "repo": "flake-utils",
        "rev": "c0e246b9b83f637f4681389ecabcb2681b4f3af0",
        "type": "github"
      },
      "original": {
        "owner": "numtide",
        "repo": "flake-utils",
        "type": "github"
      }
    },
    "flake-utils_2": {
      "locked": {
        "lastModified": 1623875721,
        "narHash": "sha256-A8BU7bjS5GirpAUv4QA+QnJ4CceLHkcXdRp4xITDB0s=",
        "owner": "numtide",
        "repo": "flake-utils",
        "rev": "f7e004a55b120c02ecb6219596820fcd32ca8772",
        "type": "github"
      },
      "original": {
        "owner": "numtide",
        "repo": "flake-utils",
        "type": "github"
      }
    },
    "flake-utils_3": {
      "locked": {
        "lastModified": 1659877975,
        "narHash": "sha256-zllb8aq3YO3h8B/U0/J1WBgAL8EX5yWf5pMj3G0NAmc=",
        "owner": "numtide",
        "repo": "flake-utils",
        "rev": "c0e246b9b83f637f4681389ecabcb2681b4f3af0",
        "type": "github"
      },
      "original": {
        "owner": "numtide",
        "repo": "flake-utils",
        "type": "github"
      }
    },
    "flake-utils_4": {
      "locked": {
        "lastModified": 1620759905,
        "narHash": "sha256-WiyWawrgmyN0EdmiHyG2V+fqReiVi8bM9cRdMaKQOFg=",
        "owner": "numtide",
        "repo": "flake-utils",
        "rev": "b543720b25df6ffdfcf9227afafc5b8c1fabfae8",
        "type": "github"
      },
      "original": {
        "owner": "numtide",
        "repo": "flake-utils",
        "type": "github"
      }
    },
    "home-manager": {
      "inputs": {
        "nixpkgs": "nixpkgs",
        "utils": "utils"
      },
      "locked": {
        "lastModified": 1675935446,
        "narHash": "sha256-WajulTn7QdwC7QuXRBavrANuIXE5z+08EdxdRw1qsNs=",
        "owner": "nix-community",
        "repo": "home-manager",
        "rev": "2dce7f1a55e785a22d61668516df62899278c9e4",
        "type": "github"
      },
      "original": {
        "owner": "nix-community",
        "ref": "master",
        "repo": "home-manager",
        "type": "github"
      }
    },
    "home-manager_2": {
      "inputs": {
        "nixpkgs": [
          "wonder-foundations",
          "nixpkgs"
        ],
        "utils": "utils_2"
      },
      "locked": {
        "lastModified": 1670513770,
        "narHash": "sha256-muL74fsbGA8K8WlZSPNWddOiuBnC54kAajncX6nXrh4=",
        "owner": "nix-community",
        "repo": "home-manager",
        "rev": "054d9e3187ca00479e8036dc0e92900a384f30fd",
        "type": "github"
      },
      "original": {
        "owner": "nix-community",
        "ref": "master",
        "repo": "home-manager",
        "type": "github"
      }
    },
    "hydra": {
      "inputs": {
        "newNixpkgs": "newNixpkgs",
        "nix": "nix",
        "nixpkgs": [
          "wonder-foundations",
          "hydra",
          "nix",
          "nixpkgs"
        ]
      },
      "locked": {
        "lastModified": 1657543313,
        "narHash": "sha256-IUAWZxJkIC+xYi1vw9+s7ucKb23v2jSUgrOAKGJd0Ak=",
        "ref": "master",
        "rev": "10fbec934cea01361fdb838d3f3ee52206458e72",
        "revCount": 3960,
        "type": "git",
        "url": "ssh://git@github.com/quant-wonderland/hydra"
      },
      "original": {
        "type": "git",
        "url": "ssh://git@github.com/quant-wonderland/hydra"
      }
    },
    "lowdown-src": {
      "flake": false,
      "locked": {
        "lastModified": 1633514407,
        "narHash": "sha256-Dw32tiMjdK9t3ETl5fzGrutQTzh2rufgZV4A/BbxuD4=",
        "owner": "kristapsdz",
        "repo": "lowdown",
        "rev": "d2c2b44ff6c27b936ec27358a2653caaef8f73b8",
        "type": "github"
      },
      "original": {
        "owner": "kristapsdz",
        "repo": "lowdown",
        "type": "github"
      }
    },
    "newNixpkgs": {
      "locked": {
        "lastModified": 1647380550,
        "narHash": "sha256-909TI9poX7CIUiFx203WL29YON6m/I6k0ExbZvR7bLM=",
        "owner": "NixOS",
        "repo": "nixpkgs",
        "rev": "6e3ee8957637a60f5072e33d78e05c0f65c54366",
        "type": "github"
      },
      "original": {
        "owner": "NixOS",
        "ref": "nixos-unstable-small",
        "repo": "nixpkgs",
        "type": "github"
      }
    },
    "nix": {
      "inputs": {
        "lowdown-src": "lowdown-src",
        "nixpkgs": "nixpkgs_3",
        "nixpkgs-regression": "nixpkgs-regression"
      },
      "locked": {
        "lastModified": 1654014617,
        "narHash": "sha256-qNL3lQPBsnStkru3j1ajN/H+knXI+X3dku8/dBfSw3g=",
        "owner": "NixOS",
        "repo": "nix",
        "rev": "624e38aa43f304fbb78b4779172809add042b513",
        "type": "github"
      },
      "original": {
        "owner": "NixOS",
        "ref": "2.9.1",
        "repo": "nix",
        "type": "github"
      }
    },
    "nixpkgs": {
      "locked": {
        "lastModified": 1675115703,
        "narHash": "sha256-4zetAPSyY0D77x+Ww9QBe8RHn1akvIvHJ/kgg8kGDbk=",
        "owner": "nixos",
        "repo": "nixpkgs",
        "rev": "2caf4ef5005ecc68141ecb4aac271079f7371c44",
        "type": "github"
      },
      "original": {
        "owner": "nixos",
        "ref": "nixos-unstable",
        "repo": "nixpkgs",
        "type": "github"
      }
    },
    "nixpkgs-21-11": {
      "locked": {
        "lastModified": 1647282937,
        "narHash": "sha256-K8Oo6QyFCfiEWTRpQVfzcwI3YNMKlz6Tu8rr+o3rzRQ=",
        "owner": "NixOS",
        "repo": "nixpkgs",
        "rev": "64fc73bd74f04d3e10cb4e70e1c65b92337e76db",
        "type": "github"
      },
      "original": {
        "owner": "NixOS",
        "repo": "nixpkgs",
        "rev": "64fc73bd74f04d3e10cb4e70e1c65b92337e76db",
        "type": "github"
      }
    },
    "nixpkgs-regression": {
      "locked": {
        "lastModified": 1643052045,
        "narHash": "sha256-uGJ0VXIhWKGXxkeNnq4TvV3CIOkUJ3PAoLZ3HMzNVMw=",
        "owner": "NixOS",
        "repo": "nixpkgs",
        "rev": "215d4d0fd80ca5163643b03a33fde804a29cc1e2",
        "type": "github"
      },
      "original": {
        "id": "nixpkgs",
        "rev": "215d4d0fd80ca5163643b03a33fde804a29cc1e2",
        "type": "indirect"
      }
    },
    "nixpkgs-unstable": {
      "locked": {
        "lastModified": 1669411043,
        "narHash": "sha256-LfPd3+EY+jaIHTRIEOUtHXuanxm59YKgUacmSzaqMLc=",
        "owner": "NixOS",
        "repo": "nixpkgs",
        "rev": "5dc7114b7b256d217fe7752f1614be2514e61bb8",
        "type": "github"
      },
      "original": {
        "owner": "NixOS",
        "ref": "nixos-unstable",
        "repo": "nixpkgs",
        "type": "github"
      }
    },
    "nixpkgs-unstable_2": {
      "locked": {
        "lastModified": 1670841420,
        "narHash": "sha256-mSEia1FzrsHbfqjorMyYiX8NXdDVeR1Pw1k55jMJlJY=",
        "owner": "NixOS",
        "repo": "nixpkgs",
        "rev": "33e0d99cbedf2acfd7340d2150837fbb28039a64",
        "type": "github"
      },
      "original": {
        "owner": "NixOS",
        "ref": "nixos-unstable",
        "repo": "nixpkgs",
        "type": "github"
      }
    },
    "nixpkgs-unstable_3": {
      "locked": {
        "lastModified": 1622437901,
        "narHash": "sha256-ww6EcXDmOgJbx2DOGAW6PbIQK3K/WGCpFYW4yNyP/XM=",
        "owner": "NixOS",
        "repo": "nixpkgs",
        "rev": "f924460e91cba6473c5dc4b8ccb1a1cfc05bc2d7",
        "type": "github"
      },
      "original": {
        "owner": "NixOS",
        "repo": "nixpkgs",
        "rev": "f924460e91cba6473c5dc4b8ccb1a1cfc05bc2d7",
        "type": "github"
      }
    },
    "nixpkgs_2": {
      "locked": {
        "lastModified": 1669833724,
        "narHash": "sha256-/HEZNyGbnQecrgJnfE8d0WC5c1xuPSD2LUpB6YXlg4c=",
        "owner": "NixOS",
        "repo": "nixpkgs",
        "rev": "4d2b37a84fad1091b9de401eb450aae66f1a741e",
        "type": "github"
      },
      "original": {
        "owner": "NixOS",
        "repo": "nixpkgs",
        "rev": "4d2b37a84fad1091b9de401eb450aae66f1a741e",
        "type": "github"
      }
    },
    "nixpkgs_3": {
      "locked": {
        "lastModified": 1645296114,
        "narHash": "sha256-y53N7TyIkXsjMpOG7RhvqJFGDacLs9HlyHeSTBioqYU=",
        "owner": "NixOS",
        "repo": "nixpkgs",
        "rev": "530a53dcbc9437363471167a5e4762c5fcfa34a1",
        "type": "github"
      },
      "original": {
        "id": "nixpkgs",
        "ref": "nixos-21.05-small",
        "type": "indirect"
      }
    },
    "root": {
      "inputs": {
        "home-manager": "home-manager",
        "nixpkgs": "nixpkgs_2",
        "nixpkgs-unstable": "nixpkgs-unstable",
        "wonder-foundations": "wonder-foundations"
      }
    },
    "utils": {
      "locked": {
        "lastModified": 1667395993,
        "narHash": "sha256-nuEHfE/LcWyuSWnS8t12N1wc105Qtau+/OdUAjtQ0rA=",
        "owner": "numtide",
        "repo": "flake-utils",
        "rev": "5aed5285a952e0b949eb3ba02c12fa4fcfef535f",
        "type": "github"
      },
      "original": {
        "owner": "numtide",
        "repo": "flake-utils",
        "type": "github"
      }
    },
    "utils_2": {
      "locked": {
        "lastModified": 1667395993,
        "narHash": "sha256-nuEHfE/LcWyuSWnS8t12N1wc105Qtau+/OdUAjtQ0rA=",
        "owner": "numtide",
        "repo": "flake-utils",
        "rev": "5aed5285a952e0b949eb3ba02c12fa4fcfef535f",
        "type": "github"
      },
      "original": {
        "owner": "numtide",
        "repo": "flake-utils",
        "type": "github"
      }
    },
    "vitalpkgs": {
      "inputs": {
        "flake-utils": "flake-utils_4",
        "nixpkgs": [
          "wonder-foundations",
          "nixpkgs"
        ],
        "nixpkgs-unstable": "nixpkgs-unstable_3"
      },
      "locked": {
        "lastModified": 1634531087,
        "narHash": "sha256-E1UXb0q/Sard1ywRk4HrT+nRPoskQ5Y0pQ7Ys1vkIzc=",
        "owner": "nixvital",
        "repo": "vitalpkgs",
        "rev": "dc07cc44aaf127f7ebe581b8dc6dc7d2796366aa",
        "type": "github"
      },
      "original": {
        "owner": "nixvital",
        "repo": "vitalpkgs",
        "rev": "dc07cc44aaf127f7ebe581b8dc6dc7d2796366aa",
        "type": "github"
      }
    },
    "wonder-foundations": {
      "inputs": {
        "data-pipeline-monitor": "data-pipeline-monitor",
        "devops-tools": "devops-tools_2",
        "home-manager": "home-manager_2",
        "hydra": "hydra",
        "nixpkgs": [
          "nixpkgs"
        ],
        "nixpkgs-21-11": "nixpkgs-21-11",
        "nixpkgs-unstable": "nixpkgs-unstable_2",
        "vitalpkgs": "vitalpkgs"
      },
      "locked": {
        "lastModified": 1670908420,
        "narHash": "sha256-y42jIe7es4UmTY4Se0SkoN72xZQU9iztlSN7EC0BGLo=",
        "ref": "master",
        "rev": "ab87516f4a7387b84deb66fb2a1e3f8e183f4089",
        "revCount": 122,
        "type": "git",
        "url": "ssh://git@github.com/quant-wonderland/wonder-foundations"
      },
      "original": {
        "ref": "master",
        "type": "git",
        "url": "ssh://git@github.com/quant-wonderland/wonder-foundations"
      }
    }
  },
  "root": "root",
  "version": 7
}
