{
  "nodes": {
    "alchemy": {
      "inputs": {
        "nixpkgs": [
          "wonder-foundations",
          "nixpkgs"
        ],
        "utils": "utils_2",
        "wonder-pkgs": "wonder-pkgs"
      },
      "locked": {
        "lastModified": 1743928107,
        "narHash": "sha256-3uouSHJl/IKoiFyabvptIheZIj9SQuHYRv7IxyWG4IA=",
        "ref": "master",
        "rev": "5ab5740a0685471856933fcd8768c113666f0804",
        "revCount": 17,
        "type": "git",
        "url": "ssh://git@github.com/quant-wonderland/alchemy"
      },
      "original": {
        "ref": "master",
        "type": "git",
        "url": "ssh://git@github.com/quant-wonderland/alchemy"
      }
    },
    "archive-py": {
      "inputs": {
        "flake-parts": [
          "wonder-foundations",
          "reporting",
          "research-toolkit",
          "flake-parts"
        ],
        "nixpkgs": [
          "wonder-foundations",
          "reporting",
          "research-toolkit",
          "nixpkgs"
        ]
      },
      "locked": {
        "lastModified": 1743901776,
        "narHash": "sha256-E1L9VDyPWhP8AJ8oevcNSrgwMphOXHa8XmRBN8zzGu8=",
        "ref": "refs/heads/master",
        "rev": "7f3a1269a519c64d98c2cfb7c95b43433d728e7e",
        "revCount": 30,
        "type": "git",
        "url": "ssh://git@github.com/quant-wonderland/archive-py"
      },
      "original": {
        "type": "git",
        "url": "ssh://git@github.com/quant-wonderland/archive-py"
      }
    },
    "cashier": {
      "inputs": {
        "nixpkgs": [
          "wonder-foundations",
          "reporting",
          "valuation-analyst",
          "nixpkgs"
        ],
        "utils": "utils_7",
        "wonder-pkgs": [
          "wonder-foundations",
          "reporting",
          "valuation-analyst",
          "wonder-pkgs"
        ]
      },
      "locked": {
        "lastModified": 1743927529,
        "narHash": "sha256-HV4SOo4H/dOMZ240CTL3vl1+sjOxIjZK9PtANNQu4QE=",
        "ref": "refs/heads/master",
        "rev": "b74ba078db12346b07bd1cf085e37a144fc7977d",
        "revCount": 23,
        "type": "git",
        "url": "ssh://git@github.com/quant-wonderland/Cashier"
      },
      "original": {
        "type": "git",
        "url": "ssh://git@github.com/quant-wonderland/Cashier"
      }
    },
    "catalogView": {
      "inputs": {
        "nixpkgs": [
          "wonder-foundations",
          "nixpkgs"
        ],
        "utils": "utils_4",
        "wonder-pkgs": "wonder-pkgs_2"
      },
      "locked": {
        "lastModified": 1744097428,
        "narHash": "sha256-2A6w7HhoahDbpobJfhG3K3/zlVSN0QRzu9DmTvM0RpU=",
        "ref": "master",
        "rev": "194f5db8c79976a108d637142bb1c605e6868cca",
        "revCount": 14,
        "type": "git",
        "url": "ssh://git@github.com/quant-wonderland/data-catalog"
      },
      "original": {
        "ref": "master",
        "type": "git",
        "url": "ssh://git@github.com/quant-wonderland/data-catalog"
      }
    },
    "devops-tools": {
      "inputs": {
        "flake-utils": "flake-utils_2",
        "nixpkgs": [
          "wonder-foundations",
          "nixpkgs"
        ],
        "nixpkgs-unstable": "nixpkgs-unstable_2"
      },
      "locked": {
        "lastModified": 1743904602,
        "narHash": "sha256-ZpvI9cA9BPRGe22Pi4tWKjdvm982zI/NZd6BCmGExPc=",
        "ref": "master",
        "rev": "8d0f36cacbef73dc1e04e9e60f3941722fc8f9b5",
        "revCount": 697,
        "type": "git",
        "url": "ssh://git@github.com/quant-wonderland/devops-tools"
      },
      "original": {
        "ref": "master",
        "type": "git",
        "url": "ssh://git@github.com/quant-wonderland/devops-tools"
      }
    },
    "devops-tools_2": {
      "inputs": {
        "flake-utils": "flake-utils_4",
        "nixpkgs": [
          "wonder-foundations",
          "reporting",
          "nixpkgs"
        ],
        "nixpkgs-unstable": "nixpkgs-unstable_5"
      },
      "locked": {
        "lastModified": 1743904602,
        "narHash": "sha256-ZpvI9cA9BPRGe22Pi4tWKjdvm982zI/NZd6BCmGExPc=",
        "ref": "refs/heads/master",
        "rev": "8d0f36cacbef73dc1e04e9e60f3941722fc8f9b5",
        "revCount": 697,
        "type": "git",
        "url": "ssh://git@github.com/quant-wonderland/devops-tools"
      },
      "original": {
        "type": "git",
        "url": "ssh://git@github.com/quant-wonderland/devops-tools"
      }
    },
    "devops-tools_3": {
      "inputs": {
        "flake-utils": "flake-utils_5",
        "nixpkgs": [
          "wonder-foundations",
          "reporting",
          "valuation-analyst",
          "nixpkgs"
        ],
        "nixpkgs-unstable": "nixpkgs-unstable_6"
      },
      "locked": {
        "lastModified": 1743904602,
        "narHash": "sha256-ZpvI9cA9BPRGe22Pi4tWKjdvm982zI/NZd6BCmGExPc=",
        "ref": "refs/heads/master",
        "rev": "8d0f36cacbef73dc1e04e9e60f3941722fc8f9b5",
        "revCount": 697,
        "type": "git",
        "url": "ssh://git@github.com/quant-wonderland/devops-tools"
      },
      "original": {
        "type": "git",
        "url": "ssh://git@github.com/quant-wonderland/devops-tools"
      }
    },
    "flake-compat": {
      "flake": false,
      "locked": {
        "lastModified": 1733328505,
        "narHash": "sha256-NeCCThCEP3eCl2l/+27kNNK7QrwZB1IJCrXfrbv5oqU=",
        "owner": "edolstra",
        "repo": "flake-compat",
        "rev": "ff81ac966bb2cae68946d5ed5fc4994f96d0ffec",
        "type": "github"
      },
      "original": {
        "owner": "edolstra",
        "repo": "flake-compat",
        "type": "github"
      }
    },
    "flake-parts": {
      "inputs": {
        "nixpkgs-lib": [
          "ml-pkgs",
          "nixpkgs"
        ]
      },
      "locked": {
        "lastModified": 1730504689,
        "narHash": "sha256-hgmguH29K2fvs9szpq2r3pz2/8cJd2LPS+b4tfNFCwE=",
        "owner": "hercules-ci",
        "repo": "flake-parts",
        "rev": "506278e768c2a08bec68eb62932193e341f55c90",
        "type": "github"
      },
      "original": {
        "owner": "hercules-ci",
        "repo": "flake-parts",
        "type": "github"
      }
    },
    "flake-parts_2": {
      "inputs": {
        "nixpkgs-lib": [
          "pixlator",
          "nixpkgs"
        ]
      },
      "locked": {
        "lastModified": 1741352980,
        "narHash": "sha256-+u2UunDA4Cl5Fci3m7S643HzKmIDAe+fiXrLqYsR2fs=",
        "owner": "hercules-ci",
        "repo": "flake-parts",
        "rev": "f4330d22f1c5d2ba72d3d22df5597d123fdb60a9",
        "type": "github"
      },
      "original": {
        "owner": "hercules-ci",
        "repo": "flake-parts",
        "type": "github"
      }
    },
    "flake-parts_3": {
      "inputs": {
        "nixpkgs-lib": [
          "wonder-foundations",
          "ml-pkgs",
          "nixpkgs"
        ]
      },
      "locked": {
        "lastModified": 1730504689,
        "narHash": "sha256-hgmguH29K2fvs9szpq2r3pz2/8cJd2LPS+b4tfNFCwE=",
        "owner": "hercules-ci",
        "repo": "flake-parts",
        "rev": "506278e768c2a08bec68eb62932193e341f55c90",
        "type": "github"
      },
      "original": {
        "owner": "hercules-ci",
        "repo": "flake-parts",
        "type": "github"
      }
    },
    "flake-parts_4": {
      "inputs": {
        "nixpkgs-lib": [
          "wonder-foundations",
          "reporting",
          "numpandas",
          "nixpkgs"
        ]
      },
      "locked": {
        "lastModified": 1736143030,
        "narHash": "sha256-+hu54pAoLDEZT9pjHlqL9DNzWz0NbUn8NEAHP7PQPzU=",
        "owner": "hercules-ci",
        "repo": "flake-parts",
        "rev": "b905f6fc23a9051a6e1b741e1438dbfc0634c6de",
        "type": "github"
      },
      "original": {
        "owner": "hercules-ci",
        "repo": "flake-parts",
        "type": "github"
      }
    },
    "flake-parts_5": {
      "inputs": {
        "nixpkgs-lib": [
          "wonder-foundations",
          "reporting",
          "research-toolkit",
          "nixpkgs"
        ]
      },
      "locked": {
        "lastModified": 1736143030,
        "narHash": "sha256-+hu54pAoLDEZT9pjHlqL9DNzWz0NbUn8NEAHP7PQPzU=",
        "owner": "hercules-ci",
        "repo": "flake-parts",
        "rev": "b905f6fc23a9051a6e1b741e1438dbfc0634c6de",
        "type": "github"
      },
      "original": {
        "owner": "hercules-ci",
        "repo": "flake-parts",
        "type": "github"
      }
    },
    "flake-utils": {
      "inputs": {
        "systems": "systems"
      },
      "locked": {
        "lastModified": 1731533236,
        "narHash": "sha256-l0KFg5HjrsfsO/JpG+r7fRrqm12kzFHyUHqHCVpMMbI=",
        "owner": "numtide",
        "repo": "flake-utils",
        "rev": "11707dc2f618dd54ca8739b309ec4fc024de578b",
        "type": "github"
      },
      "original": {
        "owner": "numtide",
        "repo": "flake-utils",
        "type": "github"
      }
    },
    "flake-utils_2": {
      "locked": {
        "lastModified": 1659877975,
        "narHash": "sha256-zllb8aq3YO3h8B/U0/J1WBgAL8EX5yWf5pMj3G0NAmc=",
        "owner": "numtide",
        "repo": "flake-utils",
        "rev": "c0e246b9b83f637f4681389ecabcb2681b4f3af0",
        "type": "github"
      },
      "original": {
        "owner": "numtide",
        "repo": "flake-utils",
        "type": "github"
      }
    },
    "flake-utils_3": {
      "inputs": {
        "systems": "systems_5"
      },
      "locked": {
        "lastModified": 1710146030,
        "narHash": "sha256-SZ5L6eA7HJ/nmkzGG7/ISclqe6oZdOZTNoesiInkXPQ=",
        "owner": "numtide",
        "repo": "flake-utils",
        "rev": "b1d9ab70662946ef0850d488da1c9019f3a9752a",
        "type": "github"
      },
      "original": {
        "owner": "numtide",
        "repo": "flake-utils",
        "type": "github"
      }
    },
    "flake-utils_4": {
      "locked": {
        "lastModified": 1659877975,
        "narHash": "sha256-zllb8aq3YO3h8B/U0/J1WBgAL8EX5yWf5pMj3G0NAmc=",
        "owner": "numtide",
        "repo": "flake-utils",
        "rev": "c0e246b9b83f637f4681389ecabcb2681b4f3af0",
        "type": "github"
      },
      "original": {
        "owner": "numtide",
        "repo": "flake-utils",
        "type": "github"
      }
    },
    "flake-utils_5": {
      "locked": {
        "lastModified": 1659877975,
        "narHash": "sha256-zllb8aq3YO3h8B/U0/J1WBgAL8EX5yWf5pMj3G0NAmc=",
        "owner": "numtide",
        "repo": "flake-utils",
        "rev": "c0e246b9b83f637f4681389ecabcb2681b4f3af0",
        "type": "github"
      },
      "original": {
        "owner": "numtide",
        "repo": "flake-utils",
        "type": "github"
      }
    },
    "github-gitea-mirror": {
      "inputs": {
        "flake-utils": "flake-utils_3",
        "nixpkgs": [
          "wonder-foundations",
          "nixpkgs"
        ],
        "nixpkgs-unstable": "nixpkgs-unstable_3"
      },
      "locked": {
        "lastModified": 1744089192,
        "narHash": "sha256-Xpu9AXwcVaaoce78ufMZXF85+kS/dMIJIK7hWJg3Mwg=",
        "ref": "main",
        "rev": "b9d45f420e607bc646931cfd827fd441eb4ba861",
        "revCount": 104,
        "type": "git",
        "url": "ssh://git@github.com/quant-wonderland/github-gitea-mirror"
      },
      "original": {
        "ref": "main",
        "type": "git",
        "url": "ssh://git@github.com/quant-wonderland/github-gitea-mirror"
      }
    },
    "home-manager": {
      "inputs": {
        "nixpkgs": [
          "nixpkgs"
        ]
      },
      "locked": {
        "lastModified": 1739757849,
        "narHash": "sha256-Gs076ot1YuAAsYVcyidLKUMIc4ooOaRGO0PqTY7sBzA=",
        "owner": "nix-community",
        "repo": "home-manager",
        "rev": "9d3d080aec2a35e05a15cedd281c2384767c2cfe",
        "type": "github"
      },
      "original": {
        "owner": "nix-community",
        "ref": "release-24.11",
        "repo": "home-manager",
        "type": "github"
      }
    },
    "hydra": {
      "inputs": {
        "nix": "nix",
        "nix-eval-jobs": "nix-eval-jobs",
        "nixpkgs": "nixpkgs_2"
      },
      "locked": {
        "lastModified": 1744357030,
        "narHash": "sha256-tF34WXcB1WNWqkE8GD5o83T90w+z1i2eA5wS3vLstbg=",
        "ref": "master",
        "rev": "3826ba31f5511b5c3cd65fb92b8d19d2a6fd09d2",
        "revCount": 4381,
        "type": "git",
        "url": "ssh://git@github.com/quant-wonderland/hydra"
      },
      "original": {
        "ref": "master",
        "type": "git",
        "url": "ssh://git@github.com/quant-wonderland/hydra"
      }
    },
    "ml-pkgs": {
      "inputs": {
        "flake-parts": "flake-parts",
        "nixpkgs": [
          "nixpkgs"
        ]
      },
      "locked": {
        "lastModified": 1740739086,
        "narHash": "sha256-vCpGLzVC4cU/8cV64nLrncusWmUkK3vvPYpebgKoKAo=",
        "owner": "nixvital",
        "repo": "ml-pkgs",
        "rev": "f2f5eb6c2121425f3508c740a28342993d49f660",
        "type": "github"
      },
      "original": {
        "owner": "nixvital",
        "repo": "ml-pkgs",
        "type": "github"
      }
    },
    "ml-pkgs_2": {
      "inputs": {
        "flake-parts": "flake-parts_3",
        "nixpkgs": [
          "wonder-foundations",
          "nixpkgs"
        ]
      },
      "locked": {
        "lastModified": 1748495562,
        "narHash": "sha256-0CD0rO56vXV7QdWza7wXbn7sI0vD6AwFrgkyEojlm3U=",
        "owner": "nixvital",
        "repo": "ml-pkgs",
        "rev": "033dd0b56a1ed879f3b44a0ab1cc032b6705b06a",
        "type": "github"
      },
      "original": {
        "owner": "nixvital",
        "repo": "ml-pkgs",
        "type": "github"
      }
    },
    "nix": {
      "inputs": {
        "flake-compat": [
          "wonder-foundations",
          "hydra"
        ],
        "flake-parts": [
          "wonder-foundations",
          "hydra"
        ],
        "git-hooks-nix": [
          "wonder-foundations",
          "hydra"
        ],
        "nixpkgs": [
          "wonder-foundations",
          "hydra",
          "nixpkgs"
        ],
        "nixpkgs-23-11": [
          "wonder-foundations",
          "hydra"
        ],
        "nixpkgs-regression": [
          "wonder-foundations",
          "hydra"
        ]
      },
      "locked": {
        "lastModified": 1744030329,
        "narHash": "sha256-r+psCOW77vTSTNbxTVrYHeh6OgB0QukbnyUVDwg8s4I=",
        "owner": "NixOS",
        "repo": "nix",
        "rev": "a4962f73b5fc874d4b16baef47921daf349addfc",
        "type": "github"
      },
      "original": {
        "owner": "NixOS",
        "ref": "2.28-maintenance",
        "repo": "nix",
        "type": "github"
      }
    },
    "nix-eval-jobs": {
      "flake": false,
      "locked": {
        "lastModified": 1744018595,
        "narHash": "sha256-v5n6t49X7MOpqS9j0FtI6TWOXvxuZMmGsp2OfUK5QfA=",
        "owner": "nix-community",
        "repo": "nix-eval-jobs",
        "rev": "cba718bafe5dc1607c2b6761ecf53c641a6f3b21",
        "type": "github"
      },
      "original": {
        "owner": "nix-community",
        "repo": "nix-eval-jobs",
        "type": "github"
      }
    },
    "nixpkgs": {
      "locked": {
        "lastModified": 1733261153,
        "narHash": "sha256-eq51hyiaIwtWo19fPEeE0Zr2s83DYMKJoukNLgGGpek=",
        "owner": "NixOS",
        "repo": "nixpkgs",
        "rev": "b681065d0919f7eb5309a93cea2cfa84dec9aa88",
        "type": "github"
      },
      "original": {
        "owner": "NixOS",
        "ref": "nixos-24.11",
        "repo": "nixpkgs",
        "type": "github"
      }
    },
    "nixpkgs-21-11": {
      "locked": {
        "lastModified": 1647282937,
        "narHash": "sha256-K8Oo6QyFCfiEWTRpQVfzcwI3YNMKlz6Tu8rr+o3rzRQ=",
        "owner": "NixOS",
        "repo": "nixpkgs",
        "rev": "64fc73bd74f04d3e10cb4e70e1c65b92337e76db",
        "type": "github"
      },
      "original": {
        "owner": "NixOS",
        "repo": "nixpkgs",
        "rev": "64fc73bd74f04d3e10cb4e70e1c65b92337e76db",
        "type": "github"
      }
    },
    "nixpkgs-23-11": {
      "locked": {
        "lastModified": 1690580609,
        "narHash": "sha256-nfcY3NcW8/8rwX8ZvAxqp0wZPvFgIiXyQcHCd4JmsNc=",
        "owner": "NixOS",
        "repo": "nixpkgs",
        "rev": "680aa1babe06273ba3987bd5624e6949ee753a49",
        "type": "github"
      },
      "original": {
        "owner": "NixOS",
        "repo": "nixpkgs",
        "rev": "680aa1babe06273ba3987bd5624e6949ee753a49",
        "type": "github"
      }
    },
    "nixpkgs-unstable": {
      "locked": {
        "lastModified": 1759036355,
        "narHash": "sha256-0m27AKv6ka+q270dw48KflE0LwQYrO7Fm4/2//KCVWg=",
        "owner": "NixOS",
        "repo": "nixpkgs",
        "rev": "e9f00bd893984bc8ce46c895c3bf7cac95331127",
        "type": "github"
      },
      "original": {
        "owner": "NixOS",
        "ref": "nixos-unstable",
        "repo": "nixpkgs",
        "type": "github"
      }
    },
    "nixpkgs-unstable_2": {
      "locked": {
        "lastModified": 1700390070,
        "narHash": "sha256-de9KYi8rSJpqvBfNwscWdalIJXPo8NjdIZcEJum1mH0=",
        "owner": "NixOS",
        "repo": "nixpkgs",
        "rev": "e4ad989506ec7d71f7302cc3067abd82730a4beb",
        "type": "github"
      },
      "original": {
        "owner": "NixOS",
        "ref": "nixos-unstable",
        "repo": "nixpkgs",
        "type": "github"
      }
    },
    "nixpkgs-unstable_3": {
      "locked": {
        "lastModified": 1722630782,
        "narHash": "sha256-hMyG9/WlUi0Ho9VkRrrez7SeNlDzLxalm9FwY7n/Noo=",
        "owner": "NixOS",
        "repo": "nixpkgs",
        "rev": "d04953086551086b44b6f3c6b7eeb26294f207da",
        "type": "github"
      },
      "original": {
        "owner": "NixOS",
        "ref": "nixos-unstable",
        "repo": "nixpkgs",
        "type": "github"
      }
    },
    "nixpkgs-unstable_4": {
      "locked": {
        "lastModified": 1748693115,
        "narHash": "sha256-StSrWhklmDuXT93yc3GrTlb0cKSS0agTAxMGjLKAsY8=",
        "owner": "NixOS",
        "repo": "nixpkgs",
        "rev": "910796cabe436259a29a72e8d3f5e180fc6dfacc",
        "type": "github"
      },
      "original": {
        "owner": "NixOS",
        "ref": "nixos-unstable",
        "repo": "nixpkgs",
        "type": "github"
      }
    },
    "nixpkgs-unstable_5": {
      "locked": {
        "lastModified": 1700390070,
        "narHash": "sha256-de9KYi8rSJpqvBfNwscWdalIJXPo8NjdIZcEJum1mH0=",
        "owner": "NixOS",
        "repo": "nixpkgs",
        "rev": "e4ad989506ec7d71f7302cc3067abd82730a4beb",
        "type": "github"
      },
      "original": {
        "owner": "NixOS",
        "ref": "nixos-unstable",
        "repo": "nixpkgs",
        "type": "github"
      }
    },
    "nixpkgs-unstable_6": {
      "locked": {
        "lastModified": 1700390070,
        "narHash": "sha256-de9KYi8rSJpqvBfNwscWdalIJXPo8NjdIZcEJum1mH0=",
        "owner": "NixOS",
        "repo": "nixpkgs",
        "rev": "e4ad989506ec7d71f7302cc3067abd82730a4beb",
        "type": "github"
      },
      "original": {
        "owner": "NixOS",
        "ref": "nixos-unstable",
        "repo": "nixpkgs",
        "type": "github"
      }
    },
    "nixpkgs_2": {
      "locked": {
        "lastModified": 1743987495,
        "narHash": "sha256-46T2vMZ4/AfCK0Y2OjlFzJPxmdpP8GtsuEqSSJv3oe4=",
        "owner": "NixOS",
        "repo": "nixpkgs",
        "rev": "db8f4fe18ce772a9c8f3adf321416981c8fe9371",
        "type": "github"
      },
      "original": {
        "owner": "NixOS",
        "ref": "nixos-24.11-small",
        "repo": "nixpkgs",
        "type": "github"
      }
    },
    "nixpkgs_3": {
      "locked": {
        "lastModified": 1741862977,
        "narHash": "sha256-prZ0M8vE/ghRGGZcflvxCu40ObKaB+ikn74/xQoNrGQ=",
        "owner": "NixOS",
        "repo": "nixpkgs",
        "rev": "cdd2ef009676ac92b715ff26630164bb88fec4e0",
        "type": "github"
      },
      "original": {
        "owner": "NixOS",
        "ref": "nixos-24.11",
        "repo": "nixpkgs",
        "type": "github"
      }
    },
    "numpandas": {
      "inputs": {
        "flake-parts": "flake-parts_4",
        "nixpkgs": [
          "wonder-foundations",
          "reporting",
          "nixpkgs"
        ]
      },
      "locked": {
        "lastModified": 1743900751,
        "narHash": "sha256-N7QR0OYqb4HGp7YUHqm6s19fzBMSD4I21+/HYSBwO/k=",
        "ref": "dev/24.11",
        "rev": "ea9ced27fddd39307f447be27a0b228332581574",
        "revCount": 250,
        "type": "git",
        "url": "ssh://git@github.com/quant-wonderland/numpandas"
      },
      "original": {
        "ref": "dev/24.11",
        "type": "git",
        "url": "ssh://git@github.com/quant-wonderland/numpandas"
      }
    },
    "pixlator": {
      "inputs": {
        "flake-parts": "flake-parts_2",
        "flake-utils": "flake-utils",
        "nixpkgs": [
          "nixpkgs"
        ]
      },
      "locked": {
        "lastModified": 1753019418,
        "narHash": "sha256-7eSc/VddayPA0Li6zNesoVgBhct14lL+jaPEzkOJEqw=",
        "ref": "master",
        "rev": "e06a03eabe7222b4a689a3de94c0c51396379383",
        "revCount": 40,
        "type": "git",
        "url": "ssh://git@github.com/liuhh666233/pixlator"
      },
      "original": {
        "ref": "master",
        "type": "git",
        "url": "ssh://git@github.com/liuhh666233/pixlator"
      }
    },
    "reporting": {
      "inputs": {
        "devops-tools": "devops-tools_2",
        "nixpkgs": "nixpkgs_3",
        "numpandas": "numpandas",
        "research-toolkit": "research-toolkit",
        "utils": "utils_6",
        "valuation-analyst": "valuation-analyst",
        "wonder-pkgs": "wonder-pkgs_3"
      },
      "locked": {
        "lastModified": 1744279491,
        "narHash": "sha256-XaEnnUDL29yWUaK0+b9ml6DpxmPi+rY7z3OOhmYvV5k=",
        "ref": "master",
        "rev": "400d3056cf954f97b0d5e1103953ddf9680d78ba",
        "revCount": 538,
        "type": "git",
        "url": "ssh://git@github.com/quant-wonderland/reporting"
      },
      "original": {
        "ref": "master",
        "type": "git",
        "url": "ssh://git@github.com/quant-wonderland/reporting"
      }
    },
    "research-toolkit": {
      "inputs": {
        "archive-py": "archive-py",
        "flake-parts": "flake-parts_5",
        "nixpkgs": [
          "wonder-foundations",
          "reporting",
          "nixpkgs"
        ],
        "numpandas": [
          "wonder-foundations",
          "reporting",
          "numpandas"
        ],
        "wonder-pkgs": [
          "wonder-foundations",
          "reporting",
          "wonder-pkgs"
        ]
      },
      "locked": {
        "lastModified": 1743902333,
        "narHash": "sha256-8VvaOcJJFNbUf/FapxPQvtGVoMXAFgHwIJxHvmGdsAk=",
        "ref": "dev/24.11",
        "rev": "7a8d5153f3fa67bdf83d7d6bb5ac62d83967ffb3",
        "revCount": 327,
        "type": "git",
        "url": "ssh://git@github.com/quant-wonderland/research-toolkit"
      },
      "original": {
        "ref": "dev/24.11",
        "type": "git",
        "url": "ssh://git@github.com/quant-wonderland/research-toolkit"
      }
    },
    "root": {
      "inputs": {
        "home-manager": "home-manager",
        "ml-pkgs": "ml-pkgs",
        "nixpkgs": "nixpkgs",
        "nixpkgs-unstable": "nixpkgs-unstable",
        "pixlator": "pixlator",
        "utils": "utils",
        "wonder-foundations": "wonder-foundations"
      }
    },
    "systems": {
      "locked": {
        "lastModified": 1681028828,
        "narHash": "sha256-Vy1rq5AaRuLzOxct8nz4T6wlgyUR7zLU309k9mBC768=",
        "owner": "nix-systems",
        "repo": "default",
        "rev": "da67096a3b9bf56a91d16901293e51ba5b49a27e",
        "type": "github"
      },
      "original": {
        "owner": "nix-systems",
        "repo": "default",
        "type": "github"
      }
    },
    "systems_2": {
      "locked": {
        "lastModified": 1681028828,
        "narHash": "sha256-Vy1rq5AaRuLzOxct8nz4T6wlgyUR7zLU309k9mBC768=",
        "owner": "nix-systems",
        "repo": "default",
        "rev": "da67096a3b9bf56a91d16901293e51ba5b49a27e",
        "type": "github"
      },
      "original": {
        "owner": "nix-systems",
        "repo": "default",
        "type": "github"
      }
    },
    "systems_3": {
      "locked": {
        "lastModified": 1681028828,
        "narHash": "sha256-Vy1rq5AaRuLzOxct8nz4T6wlgyUR7zLU309k9mBC768=",
        "owner": "nix-systems",
        "repo": "default",
        "rev": "da67096a3b9bf56a91d16901293e51ba5b49a27e",
        "type": "github"
      },
      "original": {
        "owner": "nix-systems",
        "repo": "default",
        "type": "github"
      }
    },
    "systems_4": {
      "locked": {
        "lastModified": 1681028828,
        "narHash": "sha256-Vy1rq5AaRuLzOxct8nz4T6wlgyUR7zLU309k9mBC768=",
        "owner": "nix-systems",
        "repo": "default",
        "rev": "da67096a3b9bf56a91d16901293e51ba5b49a27e",
        "type": "github"
      },
      "original": {
        "owner": "nix-systems",
        "repo": "default",
        "type": "github"
      }
    },
    "systems_5": {
      "locked": {
        "lastModified": 1681028828,
        "narHash": "sha256-Vy1rq5AaRuLzOxct8nz4T6wlgyUR7zLU309k9mBC768=",
        "owner": "nix-systems",
        "repo": "default",
        "rev": "da67096a3b9bf56a91d16901293e51ba5b49a27e",
        "type": "github"
      },
      "original": {
        "owner": "nix-systems",
        "repo": "default",
        "type": "github"
      }
    },
    "systems_6": {
      "locked": {
        "lastModified": 1681028828,
        "narHash": "sha256-Vy1rq5AaRuLzOxct8nz4T6wlgyUR7zLU309k9mBC768=",
        "owner": "nix-systems",
        "repo": "default",
        "rev": "da67096a3b9bf56a91d16901293e51ba5b49a27e",
        "type": "github"
      },
      "original": {
        "owner": "nix-systems",
        "repo": "default",
        "type": "github"
      }
    },
    "utils": {
      "inputs": {
        "systems": "systems_2"
      },
      "locked": {
        "lastModified": 1731533236,
        "narHash": "sha256-l0KFg5HjrsfsO/JpG+r7fRrqm12kzFHyUHqHCVpMMbI=",
        "owner": "numtide",
        "repo": "flake-utils",
        "rev": "11707dc2f618dd54ca8739b309ec4fc024de578b",
        "type": "github"
      },
      "original": {
        "owner": "numtide",
        "repo": "flake-utils",
        "type": "github"
      }
    },
    "utils_2": {
      "inputs": {
        "systems": "systems_3"
      },
      "locked": {
        "lastModified": 1710146030,
        "narHash": "sha256-SZ5L6eA7HJ/nmkzGG7/ISclqe6oZdOZTNoesiInkXPQ=",
        "owner": "numtide",
        "repo": "flake-utils",
        "rev": "b1d9ab70662946ef0850d488da1c9019f3a9752a",
        "type": "github"
      },
      "original": {
        "owner": "numtide",
        "repo": "flake-utils",
        "type": "github"
      }
    },
    "utils_3": {
      "locked": {
        "lastModified": 1659877975,
        "narHash": "sha256-zllb8aq3YO3h8B/U0/J1WBgAL8EX5yWf5pMj3G0NAmc=",
        "owner": "numtide",
        "repo": "flake-utils",
        "rev": "c0e246b9b83f637f4681389ecabcb2681b4f3af0",
        "type": "github"
      },
      "original": {
        "owner": "numtide",
        "repo": "flake-utils",
        "type": "github"
      }
    },
    "utils_4": {
      "inputs": {
        "systems": "systems_4"
      },
      "locked": {
        "lastModified": 1726560853,
        "narHash": "sha256-X6rJYSESBVr3hBoH0WbKE5KvhPU5bloyZ2L4K60/fPQ=",
        "owner": "numtide",
        "repo": "flake-utils",
        "rev": "c1dfcf08411b08f6b8615f7d8971a2bfa81d5e8a",
        "type": "github"
      },
      "original": {
        "owner": "numtide",
        "repo": "flake-utils",
        "type": "github"
      }
    },
    "utils_5": {
      "locked": {
        "lastModified": 1659877975,
        "narHash": "sha256-zllb8aq3YO3h8B/U0/J1WBgAL8EX5yWf5pMj3G0NAmc=",
        "owner": "numtide",
        "repo": "flake-utils",
        "rev": "c0e246b9b83f637f4681389ecabcb2681b4f3af0",
        "type": "github"
      },
      "original": {
        "owner": "numtide",
        "repo": "flake-utils",
        "type": "github"
      }
    },
    "utils_6": {
      "locked": {
        "lastModified": 1656928814,
        "narHash": "sha256-RIFfgBuKz6Hp89yRr7+NR5tzIAbn52h8vT6vXkYjZoM=",
        "owner": "numtide",
        "repo": "flake-utils",
        "rev": "7e2a3b3dfd9af950a856d66b0a7d01e3c18aa249",
        "type": "github"
      },
      "original": {
        "owner": "numtide",
        "repo": "flake-utils",
        "type": "github"
      }
    },
    "utils_7": {
      "inputs": {
        "systems": "systems_6"
      },
      "locked": {
        "lastModified": 1726560853,
        "narHash": "sha256-X6rJYSESBVr3hBoH0WbKE5KvhPU5bloyZ2L4K60/fPQ=",
        "owner": "numtide",
        "repo": "flake-utils",
        "rev": "c1dfcf08411b08f6b8615f7d8971a2bfa81d5e8a",
        "type": "github"
      },
      "original": {
        "owner": "numtide",
        "repo": "flake-utils",
        "type": "github"
      }
    },
    "utils_8": {
      "locked": {
        "lastModified": 1659877975,
        "narHash": "sha256-zllb8aq3YO3h8B/U0/J1WBgAL8EX5yWf5pMj3G0NAmc=",
        "owner": "numtide",
        "repo": "flake-utils",
        "rev": "c0e246b9b83f637f4681389ecabcb2681b4f3af0",
        "type": "github"
      },
      "original": {
        "owner": "numtide",
        "repo": "flake-utils",
        "type": "github"
      }
    },
    "utils_9": {
      "locked": {
        "lastModified": 1659877975,
        "narHash": "sha256-zllb8aq3YO3h8B/U0/J1WBgAL8EX5yWf5pMj3G0NAmc=",
        "owner": "numtide",
        "repo": "flake-utils",
        "rev": "c0e246b9b83f637f4681389ecabcb2681b4f3af0",
        "type": "github"
      },
      "original": {
        "owner": "numtide",
        "repo": "flake-utils",
        "type": "github"
      }
    },
    "valuation-analyst": {
      "inputs": {
        "cashier": "cashier",
        "devops-tools": "devops-tools_3",
        "nixpkgs": [
          "wonder-foundations",
          "reporting",
          "nixpkgs"
        ],
        "numpandas": [
          "wonder-foundations",
          "reporting",
          "numpandas"
        ],
        "research-toolkit": [
          "wonder-foundations",
          "reporting",
          "research-toolkit"
        ],
        "utils": [
          "wonder-foundations",
          "reporting",
          "utils"
        ],
        "wonder-pkgs": [
          "wonder-foundations",
          "reporting",
          "wonder-pkgs"
        ]
      },
      "locked": {
        "lastModified": 1743927807,
        "narHash": "sha256-bjp7FVCx7d7/gLYLuvvmAi0Bt/WfS7XhF89pZryINcs=",
        "ref": "master",
        "rev": "a2aad082ab05cd4e370f4de01f95573c02116c82",
        "revCount": 109,
        "type": "git",
        "url": "ssh://git@github.com/quant-wonderland/valuation-analyst"
      },
      "original": {
        "ref": "master",
        "type": "git",
        "url": "ssh://git@github.com/quant-wonderland/valuation-analyst"
      }
    },
    "wonder-foundations": {
      "inputs": {
        "alchemy": "alchemy",
        "catalogView": "catalogView",
        "devops-tools": "devops-tools",
        "github-gitea-mirror": "github-gitea-mirror",
        "home-manager": [
          "home-manager"
        ],
        "hydra": "hydra",
        "ml-pkgs": "ml-pkgs_2",
        "nixpkgs": [
          "nixpkgs"
        ],
        "nixpkgs-21-11": "nixpkgs-21-11",
        "nixpkgs-23-11": "nixpkgs-23-11",
        "nixpkgs-unstable": "nixpkgs-unstable_4",
        "reporting": "reporting",
        "wonder-pkgs": "wonder-pkgs_4",
        "wsl": "wsl"
      },
      "locked": {
        "lastModified": 1748911900,
        "narHash": "sha256-riinkzPPajOs2tYDdVmfC3CMjssGFsZ0gHpeAtgNodY=",
        "ref": "dev/24.11",
        "rev": "6bd2d0d8eabab0410aae05e762f15a9b5829cb1e",
        "revCount": 638,
        "type": "git",
        "url": "ssh://git@github.com/quant-wonderland/wonder-foundations"
      },
      "original": {
        "ref": "dev/24.11",
        "type": "git",
        "url": "ssh://git@github.com/quant-wonderland/wonder-foundations"
      }
    },
    "wonder-pkgs": {
      "inputs": {
        "nixpkgs": [
          "wonder-foundations",
          "alchemy",
          "nixpkgs"
        ],
        "utils": "utils_3"
      },
      "locked": {
        "lastModified": 1743901382,
        "narHash": "sha256-wpI5Ed5Vv7PZJIsFVpXXzos2XhExblGaSUIb6DZwSUM=",
        "ref": "refs/heads/master",
        "rev": "a513973760303e38d3aa296d0f366ed20d52edf8",
        "revCount": 118,
        "type": "git",
        "url": "ssh://git@github.com/quant-wonderland/wonder-pkgs"
      },
      "original": {
        "type": "git",
        "url": "ssh://git@github.com/quant-wonderland/wonder-pkgs"
      }
    },
    "wonder-pkgs_2": {
      "inputs": {
        "nixpkgs": [
          "wonder-foundations",
          "catalogView",
          "nixpkgs"
        ],
        "utils": "utils_5"
      },
      "locked": {
        "lastModified": 1743901382,
        "narHash": "sha256-wpI5Ed5Vv7PZJIsFVpXXzos2XhExblGaSUIb6DZwSUM=",
        "ref": "refs/heads/master",
        "rev": "a513973760303e38d3aa296d0f366ed20d52edf8",
        "revCount": 118,
        "type": "git",
        "url": "ssh://git@github.com/quant-wonderland/wonder-pkgs"
      },
      "original": {
        "type": "git",
        "url": "ssh://git@github.com/quant-wonderland/wonder-pkgs"
      }
    },
    "wonder-pkgs_3": {
      "inputs": {
        "nixpkgs": [
          "wonder-foundations",
          "reporting",
          "nixpkgs"
        ],
        "utils": "utils_8"
      },
      "locked": {
        "lastModified": 1744096749,
        "narHash": "sha256-LQliWKIUAgAi4AObR3hp2/aIDrJPuFjRAGuqMxjJSt4=",
        "ref": "refs/heads/master",
        "rev": "08395e6d1a601e3a73ea1b04e156a14f4b98b833",
        "revCount": 119,
        "type": "git",
        "url": "ssh://git@github.com/quant-wonderland/wonder-pkgs"
      },
      "original": {
        "type": "git",
        "url": "ssh://git@github.com/quant-wonderland/wonder-pkgs"
      }
    },
    "wonder-pkgs_4": {
      "inputs": {
        "nixpkgs": [
          "wonder-foundations",
          "nixpkgs"
        ],
        "utils": "utils_9"
      },
      "locked": {
        "lastModified": 1744352594,
        "narHash": "sha256-WwdYJD9Az78lScph2pikwu3QeuT2swVLEeRKU3rUAYI=",
        "ref": "master",
        "rev": "831888ceab4946ae5500e6d04780301485aa3daf",
        "revCount": 122,
        "type": "git",
        "url": "ssh://git@github.com/quant-wonderland/wonder-pkgs"
      },
      "original": {
        "ref": "master",
        "type": "git",
        "url": "ssh://git@github.com/quant-wonderland/wonder-pkgs"
      }
    },
    "wsl": {
      "inputs": {
        "flake-compat": "flake-compat",
        "nixpkgs": [
          "wonder-foundations",
          "nixpkgs"
        ]
      },
      "locked": {
        "lastModified": 1744290088,
        "narHash": "sha256-/X9XVEl0EiyisNbF5srrxXRSVoRqdwExuqyspYqqEjQ=",
        "owner": "nix-community",
        "repo": "NixOS-WSL",
        "rev": "60b4904a1390ac4c89e93d95f6ed928975e525ed",
        "type": "github"
      },
      "original": {
        "owner": "nix-community",
        "repo": "NixOS-WSL",
        "rev": "60b4904a1390ac4c89e93d95f6ed928975e525ed",
        "type": "github"
      }
    }
  },
  "root": "root",
  "version": 7
}
